{
  "name": "@rootzjs/devtools",
  "version": "1.0.6",
  "lockfileVersion": 1,
  "requires": true,
  "dependencies": {
    "@rootzjs/core": {
      "version": "1.0.12",
      "resolved": "https://registry.npmjs.org/@rootzjs/core/-/core-1.0.12.tgz",
      "integrity": "sha512-sQXaHVTEZppc7blLYsIsCxPXQcuJyqYa/PDnl3sWwMyNUomftlvv3GgwkLQdoLYjwvt/7IJ1op3GBcSsfHSEEw==",
      "dev": true
    }
  }
}
